
Microsoft Visual Studio Solution File, Format Version 12.00
# Visual Studio Version 16
VisualStudioVersion = 16.0.29728.190
MinimumVisualStudioVersion = 10.0.40219.1
Project("{2150E333-8FDC-42A3-9474-1A3956D46DE8}") = "Personal Cloud", "Personal Cloud", "{5EBDAF64-A244-419F-8AC4-CF0921D0D955}"
EndProject
Project("{9A19103F-16F7-4668-BE54-9A1E7A4F7556}") = "Interface", "..\..\src\Interface\Interface.csproj", "{953243C1-BA67-4D7F-BA97-DC1E7DD853E1}"
EndProject
Project("{9A19103F-16F7-4668-BE54-9A1E7A4F7556}") = "PersonalCloud", "..\..\src\PersonalCloud\PersonalCloud.csproj", "{2D073CD9-F467-4557-9892-5730AD7E6F6C}"
EndProject
Project("{9A19103F-16F7-4668-BE54-9A1E7A4F7556}") = "Apps.Common", "..\Shared\Apps.Common\Apps.Common.csproj", "{71F88EF2-0C82-448B-9D4C-53757AE219AD}"
EndProject
Project("{FAE04EC0-301F-11D3-BF4B-00C04F79EFBC}") = "Apps.DevolMobile", "Application\Apps.DevolMobile.csproj", "{A7C6303F-641B-4050-88ED-4F24DAD20D72}"
EndProject
Global
	GlobalSection(SolutionConfigurationPlatforms) = preSolution
		Debug|Any CPU = Debug|Any CPU
		Release|Any CPU = Release|Any CPU
	EndGlobalSection
	GlobalSection(ProjectConfigurationPlatforms) = postSolution
		{953243C1-BA67-4D7F-BA97-DC1E7DD853E1}.Debug|Any CPU.ActiveCfg = Debug|Any CPU
		{953243C1-BA67-4D7F-BA97-DC1E7DD853E1}.Debug|Any CPU.Build.0 = Debug|Any CPU
		{953243C1-BA67-4D7F-BA97-DC1E7DD853E1}.Release|Any CPU.ActiveCfg = Release|Any CPU
		{953243C1-BA67-4D7F-BA97-DC1E7DD853E1}.Release|Any CPU.Build.0 = Release|Any CPU
		{2D073CD9-F467-4557-9892-5730AD7E6F6C}.Debug|Any CPU.ActiveCfg = Debug|Any CPU
		{2D073CD9-F467-4557-9892-5730AD7E6F6C}.Debug|Any CPU.Build.0 = Debug|Any CPU
		{2D073CD9-F467-4557-9892-5730AD7E6F6C}.Release|Any CPU.ActiveCfg = Release|Any CPU
		{2D073CD9-F467-4557-9892-5730AD7E6F6C}.Release|Any CPU.Build.0 = Release|Any CPU
		{71F88EF2-0C82-448B-9D4C-53757AE219AD}.Debug|Any CPU.ActiveCfg = Debug|Any CPU
		{71F88EF2-0C82-448B-9D4C-53757AE219AD}.Debug|Any CPU.Build.0 = Debug|Any CPU
		{71F88EF2-0C82-448B-9D4C-53757AE219AD}.Release|Any CPU.ActiveCfg = Release|Any CPU
		{71F88EF2-0C82-448B-9D4C-53757AE219AD}.Release|Any CPU.Build.0 = Release|Any CPU
		{A7C6303F-641B-4050-88ED-4F24DAD20D72}.Debug|Any CPU.ActiveCfg = Debug|Any CPU
		{A7C6303F-641B-4050-88ED-4F24DAD20D72}.Debug|Any CPU.Build.0 = Debug|Any CPU
		{A7C6303F-641B-4050-88ED-4F24DAD20D72}.Debug|Any CPU.Deploy.0 = Debug|Any CPU
		{A7C6303F-641B-4050-88ED-4F24DAD20D72}.Release|Any CPU.ActiveCfg = Release|Any CPU
		{A7C6303F-641B-4050-88ED-4F24DAD20D72}.Release|Any CPU.Build.0 = Release|Any CPU
		{A7C6303F-641B-4050-88ED-4F24DAD20D72}.Release|Any CPU.Deploy.0 = Release|Any CPU
	EndGlobalSection
	GlobalSection(SolutionProperties) = preSolution
		HideSolutionNode = FALSE
	EndGlobalSection
	GlobalSection(NestedProjects) = preSolution
		{953243C1-BA67-4D7F-BA97-DC1E7DD853E1} = {5EBDAF64-A244-419F-8AC4-CF0921D0D955}
		{2D073CD9-F467-4557-9892-5730AD7E6F6C} = {5EBDAF64-A244-419F-8AC4-CF0921D0D955}
	EndGlobalSection
	GlobalSection(ExtensibilityGlobals) = postSolution
		SolutionGuid = {2307F7E5-2BF0-45EE-85BA-98D14CEF5137}
	EndGlobalSection
EndGlobal
