
Microsoft Visual Studio Solution File, Format Version 12.00
# Visual Studio 15
VisualStudioVersion = 15.0.28307.168
MinimumVisualStudioVersion = 10.0.40219.1
Project("{FAE04EC0-301F-11D3-BF4B-00C04F79EFBC}") = "DavideSteduto.FlexibleAdapter", "DavideSteduto.FlexibleAdapter\DavideSteduto.FlexibleAdapter.csproj", "{094F70E1-0938-43AB-9C47-FA5DB888D478}"
EndProject
Project("{FAE04EC0-301F-11D3-BF4B-00C04F79EFBC}") = "DavideSteduto.FlexibleAdapter.UI", "DavideSteduto.FlexibleAdapter.UI\DavideSteduto.FlexibleAdapter.UI.csproj", "{37F93BCA-6927-49DF-8974-C94552825B1B}"
EndProject
Global
	GlobalSection(SolutionConfigurationPlatforms) = preSolution
		Debug|Any CPU = Debug|Any CPU
		Release|Any CPU = Release|Any CPU
	EndGlobalSection
	GlobalSection(ProjectConfigurationPlatforms) = postSolution
		{094F70E1-0938-43AB-9C47-FA5DB888D478}.Debug|Any CPU.ActiveCfg = Debug|Any CPU
		{094F70E1-0938-43AB-9C47-FA5DB888D478}.Debug|Any CPU.Build.0 = Debug|Any CPU
		{094F70E1-0938-43AB-9C47-FA5DB888D478}.Release|Any CPU.ActiveCfg = Release|Any CPU
		{094F70E1-0938-43AB-9C47-FA5DB888D478}.Release|Any CPU.Build.0 = Release|Any CPU
		{37F93BCA-6927-49DF-8974-C94552825B1B}.Debug|Any CPU.ActiveCfg = Debug|Any CPU
		{37F93BCA-6927-49DF-8974-C94552825B1B}.Debug|Any CPU.Build.0 = Debug|Any CPU
		{37F93BCA-6927-49DF-8974-C94552825B1B}.Release|Any CPU.ActiveCfg = Release|Any CPU
		{37F93BCA-6927-49DF-8974-C94552825B1B}.Release|Any CPU.Build.0 = Release|Any CPU
	EndGlobalSection
	GlobalSection(SolutionProperties) = preSolution
		HideSolutionNode = FALSE
	EndGlobalSection
	GlobalSection(ExtensibilityGlobals) = postSolution
		SolutionGuid = {15D23A3E-63A9-4BE9-87EA-FE709352455B}
	EndGlobalSection
EndGlobal
